
Microsoft Visual Studio Solution File, Format Version 12.00
# Visual Studio Version 16
VisualStudioVersion = 16.6.30114.105
MinimumVisualStudioVersion = 10.0.40219.1
Project("{FAE04EC0-301F-11D3-BF4B-00C04F79EFBC}") = "Persistence", "Persistence\Persistence.csproj", "{911297A6-F5D5-4CE1-8DA8-23D319952683}"
EndProject
Project("{FAE04EC0-301F-11D3-BF4B-00C04F79EFBC}") = "DAL", "DAL\DAL.csproj", "{2E6C6976-5CD0-4D80-BCBE-72225B51F749}"
EndProject
Project("{FAE04EC0-301F-11D3-BF4B-00C04F79EFBC}") = "BL", "BL\BL.csproj", "{7AE954E3-16FD-4121-9C51-F433DF834E72}"
EndProject
Project("{FAE04EC0-301F-11D3-BF4B-00C04F79EFBC}") = "ConsoleAppPL", "ConsoleAppPL\ConsoleAppPL.csproj", "{F5AAE319-42B9-4A49-A895-43CCB7F97FC6}"
EndProject
Project("{FAE04EC0-301F-11D3-BF4B-00C04F79EFBC}") = "DalTest", "DalTest\DalTest.csproj", "{3EDF3978-2EC0-4F9D-BDA4-8C0911701BA3}"
EndProject
Global
	GlobalSection(SolutionConfigurationPlatforms) = preSolution
		Debug|Any CPU = Debug|Any CPU
		Debug|x64 = Debug|x64
		Debug|x86 = Debug|x86
		Release|Any CPU = Release|Any CPU
		Release|x64 = Release|x64
		Release|x86 = Release|x86
	EndGlobalSection
	GlobalSection(ProjectConfigurationPlatforms) = postSolution
		{911297A6-F5D5-4CE1-8DA8-23D319952683}.Debug|Any CPU.ActiveCfg = Debug|Any CPU
		{911297A6-F5D5-4CE1-8DA8-23D319952683}.Debug|Any CPU.Build.0 = Debug|Any CPU
		{911297A6-F5D5-4CE1-8DA8-23D319952683}.Debug|x64.ActiveCfg = Debug|Any CPU
		{911297A6-F5D5-4CE1-8DA8-23D319952683}.Debug|x64.Build.0 = Debug|Any CPU
		{911297A6-F5D5-4CE1-8DA8-23D319952683}.Debug|x86.ActiveCfg = Debug|Any CPU
		{911297A6-F5D5-4CE1-8DA8-23D319952683}.Debug|x86.Build.0 = Debug|Any CPU
		{911297A6-F5D5-4CE1-8DA8-23D319952683}.Release|Any CPU.ActiveCfg = Release|Any CPU
		{911297A6-F5D5-4CE1-8DA8-23D319952683}.Release|Any CPU.Build.0 = Release|Any CPU
		{911297A6-F5D5-4CE1-8DA8-23D319952683}.Release|x64.ActiveCfg = Release|Any CPU
		{911297A6-F5D5-4CE1-8DA8-23D319952683}.Release|x64.Build.0 = Release|Any CPU
		{911297A6-F5D5-4CE1-8DA8-23D319952683}.Release|x86.ActiveCfg = Release|Any CPU
		{911297A6-F5D5-4CE1-8DA8-23D319952683}.Release|x86.Build.0 = Release|Any CPU
		{2E6C6976-5CD0-4D80-BCBE-72225B51F749}.Debug|Any CPU.ActiveCfg = Debug|Any CPU
		{2E6C6976-5CD0-4D80-BCBE-72225B51F749}.Debug|Any CPU.Build.0 = Debug|Any CPU
		{2E6C6976-5CD0-4D80-BCBE-72225B51F749}.Debug|x64.ActiveCfg = Debug|Any CPU
		{2E6C6976-5CD0-4D80-BCBE-72225B51F749}.Debug|x64.Build.0 = Debug|Any CPU
		{2E6C6976-5CD0-4D80-BCBE-72225B51F749}.Debug|x86.ActiveCfg = Debug|Any CPU
		{2E6C6976-5CD0-4D80-BCBE-72225B51F749}.Debug|x86.Build.0 = Debug|Any CPU
		{2E6C6976-5CD0-4D80-BCBE-72225B51F749}.Release|Any CPU.ActiveCfg = Release|Any CPU
		{2E6C6976-5CD0-4D80-BCBE-72225B51F749}.Release|Any CPU.Build.0 = Release|Any CPU
		{2E6C6976-5CD0-4D80-BCBE-72225B51F749}.Release|x64.ActiveCfg = Release|Any CPU
		{2E6C6976-5CD0-4D80-BCBE-72225B51F749}.Release|x64.Build.0 = Release|Any CPU
		{2E6C6976-5CD0-4D80-BCBE-72225B51F749}.Release|x86.ActiveCfg = Release|Any CPU
		{2E6C6976-5CD0-4D80-BCBE-72225B51F749}.Release|x86.Build.0 = Release|Any CPU
		{7AE954E3-16FD-4121-9C51-F433DF834E72}.Debug|Any CPU.ActiveCfg = Debug|Any CPU
		{7AE954E3-16FD-4121-9C51-F433DF834E72}.Debug|Any CPU.Build.0 = Debug|Any CPU
		{7AE954E3-16FD-4121-9C51-F433DF834E72}.Debug|x64.ActiveCfg = Debug|Any CPU
		{7AE954E3-16FD-4121-9C51-F433DF834E72}.Debug|x64.Build.0 = Debug|Any CPU
		{7AE954E3-16FD-4121-9C51-F433DF834E72}.Debug|x86.ActiveCfg = Debug|Any CPU
		{7AE954E3-16FD-4121-9C51-F433DF834E72}.Debug|x86.Build.0 = Debug|Any CPU
		{7AE954E3-16FD-4121-9C51-F433DF834E72}.Release|Any CPU.ActiveCfg = Release|Any CPU
		{7AE954E3-16FD-4121-9C51-F433DF834E72}.Release|Any CPU.Build.0 = Release|Any CPU
		{7AE954E3-16FD-4121-9C51-F433DF834E72}.Release|x64.ActiveCfg = Release|Any CPU
		{7AE954E3-16FD-4121-9C51-F433DF834E72}.Release|x64.Build.0 = Release|Any CPU
		{7AE954E3-16FD-4121-9C51-F433DF834E72}.Release|x86.ActiveCfg = Release|Any CPU
		{7AE954E3-16FD-4121-9C51-F433DF834E72}.Release|x86.Build.0 = Release|Any CPU
		{F5AAE319-42B9-4A49-A895-43CCB7F97FC6}.Debug|Any CPU.ActiveCfg = Debug|Any CPU
		{F5AAE319-42B9-4A49-A895-43CCB7F97FC6}.Debug|Any CPU.Build.0 = Debug|Any CPU
		{F5AAE319-42B9-4A49-A895-43CCB7F97FC6}.Debug|x64.ActiveCfg = Debug|Any CPU
		{F5AAE319-42B9-4A49-A895-43CCB7F97FC6}.Debug|x64.Build.0 = Debug|Any CPU
		{F5AAE319-42B9-4A49-A895-43CCB7F97FC6}.Debug|x86.ActiveCfg = Debug|Any CPU
		{F5AAE319-42B9-4A49-A895-43CCB7F97FC6}.Debug|x86.Build.0 = Debug|Any CPU
		{F5AAE319-42B9-4A49-A895-43CCB7F97FC6}.Release|Any CPU.ActiveCfg = Release|Any CPU
		{F5AAE319-42B9-4A49-A895-43CCB7F97FC6}.Release|Any CPU.Build.0 = Release|Any CPU
		{F5AAE319-42B9-4A49-A895-43CCB7F97FC6}.Release|x64.ActiveCfg = Release|Any CPU
		{F5AAE319-42B9-4A49-A895-43CCB7F97FC6}.Release|x64.Build.0 = Release|Any CPU
		{F5AAE319-42B9-4A49-A895-43CCB7F97FC6}.Release|x86.ActiveCfg = Release|Any CPU
		{F5AAE319-42B9-4A49-A895-43CCB7F97FC6}.Release|x86.Build.0 = Release|Any CPU
		{3EDF3978-2EC0-4F9D-BDA4-8C0911701BA3}.Debug|Any CPU.ActiveCfg = Debug|Any CPU
		{3EDF3978-2EC0-4F9D-BDA4-8C0911701BA3}.Debug|Any CPU.Build.0 = Debug|Any CPU
		{3EDF3978-2EC0-4F9D-BDA4-8C0911701BA3}.Debug|x64.ActiveCfg = Debug|Any CPU
		{3EDF3978-2EC0-4F9D-BDA4-8C0911701BA3}.Debug|x64.Build.0 = Debug|Any CPU
		{3EDF3978-2EC0-4F9D-BDA4-8C0911701BA3}.Debug|x86.ActiveCfg = Debug|Any CPU
		{3EDF3978-2EC0-4F9D-BDA4-8C0911701BA3}.Debug|x86.Build.0 = Debug|Any CPU
		{3EDF3978-2EC0-4F9D-BDA4-8C0911701BA3}.Release|Any CPU.ActiveCfg = Release|Any CPU
		{3EDF3978-2EC0-4F9D-BDA4-8C0911701BA3}.Release|Any CPU.Build.0 = Release|Any CPU
		{3EDF3978-2EC0-4F9D-BDA4-8C0911701BA3}.Release|x64.ActiveCfg = Release|Any CPU
		{3EDF3978-2EC0-4F9D-BDA4-8C0911701BA3}.Release|x64.Build.0 = Release|Any CPU
		{3EDF3978-2EC0-4F9D-BDA4-8C0911701BA3}.Release|x86.ActiveCfg = Release|Any CPU
		{3EDF3978-2EC0-4F9D-BDA4-8C0911701BA3}.Release|x86.Build.0 = Release|Any CPU
	EndGlobalSection
	GlobalSection(SolutionProperties) = preSolution
		HideSolutionNode = FALSE
	EndGlobalSection
	GlobalSection(ExtensibilityGlobals) = postSolution
		SolutionGuid = {DBB52C2C-832A-47E6-AE03-E08AA2B37CD2}
	EndGlobalSection
EndGlobal
